
Microsoft Visual Studio Solution File, Format Version 12.00
# Visual Studio 2012
Project("{2150E333-8FDC-42A3-9474-1A3956D46DE8}") = "20140401", "20140401", "{5EA1B95D-072A-44F4-83F0-8E5A17A7E300}"
EndProject
Project("{FAE04EC0-301F-11D3-BF4B-00C04F79EFBC}") = "HolisticWare.MarkDown.Common.PCL", "20140401\HolisticWare.MarkDown.Common.PCL\HolisticWare.MarkDown.Common.PCL.csproj", "{B7346A3C-ED2D-4528-94B8-14F667D12CE6}"
EndProject
Project("{FAE04EC0-301F-11D3-BF4B-00C04F79EFBC}") = "MarkDown.XamarinAndroid", "20140401\MarkDown.XamarinAndroid\MarkDown.XamarinAndroid.csproj", "{9617219A-8AF1-43BB-B1C1-7B867485A99A}"
EndProject
Project("{FAE04EC0-301F-11D3-BF4B-00C04F79EFBC}") = "MarkDown.XamarinIOS", "20140401\MarkDown.XamarinIOS\MarkDown.XamarinIOS.csproj", "{E573F25D-DE1E-4DC9-BC25-C97C58FA0F9E}"
EndProject
Project("{FAE04EC0-301F-11D3-BF4B-00C04F79EFBC}") = "MarkDownEditor.XamarinAndroid", "20140401\MarkDownEditor.XamarinAndroid\MarkDownEditor.XamarinAndroid.csproj", "{A615E8FE-32BF-485B-8411-CB69124D2732}"
EndProject
Global
	GlobalSection(SolutionConfigurationPlatforms) = preSolution
		Debug|Any CPU = Debug|Any CPU
		Release|Any CPU = Release|Any CPU
	EndGlobalSection
	GlobalSection(ProjectConfigurationPlatforms) = postSolution
		{9617219A-8AF1-43BB-B1C1-7B867485A99A}.Debug|Any CPU.ActiveCfg = Debug|Any CPU
		{9617219A-8AF1-43BB-B1C1-7B867485A99A}.Debug|Any CPU.Build.0 = Debug|Any CPU
		{9617219A-8AF1-43BB-B1C1-7B867485A99A}.Release|Any CPU.ActiveCfg = Release|Any CPU
		{9617219A-8AF1-43BB-B1C1-7B867485A99A}.Release|Any CPU.Build.0 = Release|Any CPU
		{A615E8FE-32BF-485B-8411-CB69124D2732}.Debug|Any CPU.ActiveCfg = Debug|Any CPU
		{A615E8FE-32BF-485B-8411-CB69124D2732}.Debug|Any CPU.Build.0 = Debug|Any CPU
		{A615E8FE-32BF-485B-8411-CB69124D2732}.Debug|Any CPU.Deploy.0 = Debug|Any CPU
		{A615E8FE-32BF-485B-8411-CB69124D2732}.Release|Any CPU.ActiveCfg = Release|Any CPU
		{A615E8FE-32BF-485B-8411-CB69124D2732}.Release|Any CPU.Build.0 = Release|Any CPU
		{A615E8FE-32BF-485B-8411-CB69124D2732}.Release|Any CPU.Deploy.0 = Release|Any CPU
		{B7346A3C-ED2D-4528-94B8-14F667D12CE6}.Debug|Any CPU.ActiveCfg = Debug|Any CPU
		{B7346A3C-ED2D-4528-94B8-14F667D12CE6}.Debug|Any CPU.Build.0 = Debug|Any CPU
		{B7346A3C-ED2D-4528-94B8-14F667D12CE6}.Release|Any CPU.ActiveCfg = Release|Any CPU
		{B7346A3C-ED2D-4528-94B8-14F667D12CE6}.Release|Any CPU.Build.0 = Release|Any CPU
		{E573F25D-DE1E-4DC9-BC25-C97C58FA0F9E}.Debug|Any CPU.ActiveCfg = Debug|Any CPU
		{E573F25D-DE1E-4DC9-BC25-C97C58FA0F9E}.Debug|Any CPU.Build.0 = Debug|Any CPU
		{E573F25D-DE1E-4DC9-BC25-C97C58FA0F9E}.Release|Any CPU.ActiveCfg = Release|Any CPU
		{E573F25D-DE1E-4DC9-BC25-C97C58FA0F9E}.Release|Any CPU.Build.0 = Release|Any CPU
	EndGlobalSection
	GlobalSection(NestedProjects) = preSolution
		{B7346A3C-ED2D-4528-94B8-14F667D12CE6} = {5EA1B95D-072A-44F4-83F0-8E5A17A7E300}
		{9617219A-8AF1-43BB-B1C1-7B867485A99A} = {5EA1B95D-072A-44F4-83F0-8E5A17A7E300}
		{E573F25D-DE1E-4DC9-BC25-C97C58FA0F9E} = {5EA1B95D-072A-44F4-83F0-8E5A17A7E300}
		{A615E8FE-32BF-485B-8411-CB69124D2732} = {5EA1B95D-072A-44F4-83F0-8E5A17A7E300}
	EndGlobalSection
	GlobalSection(MonoDevelopProperties) = preSolution
		StartupItem = 20140401\MarkDownEditor.XamarinAndroid\MarkDownEditor.XamarinAndroid.csproj
	EndGlobalSection
	GlobalSection(SolutionProperties) = preSolution
		HideSolutionNode = FALSE
	EndGlobalSection
EndGlobal
